
Microsoft Visual Studio Solution File, Format Version 12.00
# Visual Studio 2013
VisualStudioVersion = 12.0.30723.0
MinimumVisualStudioVersion = 10.0.40219.1
Project("{FAE04EC0-301F-11D3-BF4B-00C04F79EFBC}") = "TrackPlanetPosition", "TrackPlanetPosition\TrackPlanetPosition.csproj", "{2D2959AA-8F53-4F89-A6A7-47C11DE62C1A}"
EndProject
Project("{FAE04EC0-301F-11D3-BF4B-00C04F79EFBC}") = "ConsoleTest", "ConsoleTest\ConsoleTest.csproj", "{B0F9D99B-7695-42FD-BCC5-DE876A94DD26}"
EndProject
Project("{FAE04EC0-301F-11D3-BF4B-00C04F79EFBC}") = "TrackerService", "TrackerService\TrackerService.csproj", "{F61946F3-C2BD-41EF-86A0-083732FEF05C}"
EndProject
Global
	GlobalSection(SolutionConfigurationPlatforms) = preSolution
		Debug|Any CPU = Debug|Any CPU
		Debug|ARM = Debug|ARM
		Debug|x64 = Debug|x64
		Debug|x86 = Debug|x86
		Release|Any CPU = Release|Any CPU
		Release|ARM = Release|ARM
		Release|x64 = Release|x64
		Release|x86 = Release|x86
	EndGlobalSection
	GlobalSection(ProjectConfigurationPlatforms) = postSolution
		{2D2959AA-8F53-4F89-A6A7-47C11DE62C1A}.Debug|Any CPU.ActiveCfg = Debug|Any CPU
		{2D2959AA-8F53-4F89-A6A7-47C11DE62C1A}.Debug|Any CPU.Build.0 = Debug|Any CPU
		{2D2959AA-8F53-4F89-A6A7-47C11DE62C1A}.Debug|ARM.ActiveCfg = Debug|Any CPU
		{2D2959AA-8F53-4F89-A6A7-47C11DE62C1A}.Debug|x64.ActiveCfg = Debug|Any CPU
		{2D2959AA-8F53-4F89-A6A7-47C11DE62C1A}.Debug|x86.ActiveCfg = Debug|Any CPU
		{2D2959AA-8F53-4F89-A6A7-47C11DE62C1A}.Release|Any CPU.ActiveCfg = Release|Any CPU
		{2D2959AA-8F53-4F89-A6A7-47C11DE62C1A}.Release|Any CPU.Build.0 = Release|Any CPU
		{2D2959AA-8F53-4F89-A6A7-47C11DE62C1A}.Release|ARM.ActiveCfg = Release|Any CPU
		{2D2959AA-8F53-4F89-A6A7-47C11DE62C1A}.Release|x64.ActiveCfg = Release|Any CPU
		{2D2959AA-8F53-4F89-A6A7-47C11DE62C1A}.Release|x86.ActiveCfg = Release|Any CPU
		{B0F9D99B-7695-42FD-BCC5-DE876A94DD26}.Debug|Any CPU.ActiveCfg = Debug|Any CPU
		{B0F9D99B-7695-42FD-BCC5-DE876A94DD26}.Debug|Any CPU.Build.0 = Debug|Any CPU
		{B0F9D99B-7695-42FD-BCC5-DE876A94DD26}.Debug|ARM.ActiveCfg = Debug|Any CPU
		{B0F9D99B-7695-42FD-BCC5-DE876A94DD26}.Debug|x64.ActiveCfg = Debug|Any CPU
		{B0F9D99B-7695-42FD-BCC5-DE876A94DD26}.Debug|x86.ActiveCfg = Debug|Any CPU
		{B0F9D99B-7695-42FD-BCC5-DE876A94DD26}.Release|Any CPU.ActiveCfg = Release|Any CPU
		{B0F9D99B-7695-42FD-BCC5-DE876A94DD26}.Release|Any CPU.Build.0 = Release|Any CPU
		{B0F9D99B-7695-42FD-BCC5-DE876A94DD26}.Release|ARM.ActiveCfg = Release|Any CPU
		{B0F9D99B-7695-42FD-BCC5-DE876A94DD26}.Release|x64.ActiveCfg = Release|Any CPU
		{B0F9D99B-7695-42FD-BCC5-DE876A94DD26}.Release|x86.ActiveCfg = Release|Any CPU
		{F61946F3-C2BD-41EF-86A0-083732FEF05C}.Debug|Any CPU.ActiveCfg = Debug|Any CPU
		{F61946F3-C2BD-41EF-86A0-083732FEF05C}.Debug|Any CPU.Build.0 = Debug|Any CPU
		{F61946F3-C2BD-41EF-86A0-083732FEF05C}.Debug|ARM.ActiveCfg = Debug|Any CPU
		{F61946F3-C2BD-41EF-86A0-083732FEF05C}.Debug|x64.ActiveCfg = Debug|Any CPU
		{F61946F3-C2BD-41EF-86A0-083732FEF05C}.Debug|x86.ActiveCfg = Debug|Any CPU
		{F61946F3-C2BD-41EF-86A0-083732FEF05C}.Release|Any CPU.ActiveCfg = Release|Any CPU
		{F61946F3-C2BD-41EF-86A0-083732FEF05C}.Release|Any CPU.Build.0 = Release|Any CPU
		{F61946F3-C2BD-41EF-86A0-083732FEF05C}.Release|ARM.ActiveCfg = Release|Any CPU
		{F61946F3-C2BD-41EF-86A0-083732FEF05C}.Release|x64.ActiveCfg = Release|Any CPU
		{F61946F3-C2BD-41EF-86A0-083732FEF05C}.Release|x86.ActiveCfg = Release|Any CPU
	EndGlobalSection
	GlobalSection(SolutionProperties) = preSolution
		HideSolutionNode = FALSE
	EndGlobalSection
EndGlobal
